
Microsoft Visual Studio Solution File, Format Version 12.00
# Visual Studio 15
VisualStudioVersion = 15.0.28307.271
MinimumVisualStudioVersion = 10.0.40219.1
Project("{FAE04EC0-301F-11D3-BF4B-00C04F79EFBC}") = "NetworkTeknikServis.BLL", "NetworkTeknikServis.BLL\NetworkTeknikServis.BLL.csproj", "{B5356439-2128-4000-B753-8D914491ED86}"
EndProject
Project("{FAE04EC0-301F-11D3-BF4B-00C04F79EFBC}") = "NetworkTeknikServis.DAL", "NetworkTeknikServis.DAL\NetworkTeknikServis.DAL.csproj", "{C971FF22-E4CF-42F5-A243-2B179A9F7604}"
EndProject
Project("{FAE04EC0-301F-11D3-BF4B-00C04F79EFBC}") = "NetworkTeknikServis.MODELS", "NetworkTeknikServis.MODELS\NetworkTeknikServis.MODELS.csproj", "{AFBB1EB8-56C7-4771-93E6-F3D041349B98}"
EndProject
Project("{FAE04EC0-301F-11D3-BF4B-00C04F79EFBC}") = "NetworkTeknikServis.WEB.UI", "NetworkTeknikServis.WEB.UI\NetworkTeknikServis.WEB.UI.csproj", "{F6181316-465C-4295-8E05-4203BA12B202}"
EndProject
Global
	GlobalSection(SolutionConfigurationPlatforms) = preSolution
		Debug|Any CPU = Debug|Any CPU
		Release|Any CPU = Release|Any CPU
	EndGlobalSection
	GlobalSection(ProjectConfigurationPlatforms) = postSolution
		{B5356439-2128-4000-B753-8D914491ED86}.Debug|Any CPU.ActiveCfg = Debug|Any CPU
		{B5356439-2128-4000-B753-8D914491ED86}.Debug|Any CPU.Build.0 = Debug|Any CPU
		{B5356439-2128-4000-B753-8D914491ED86}.Release|Any CPU.ActiveCfg = Release|Any CPU
		{B5356439-2128-4000-B753-8D914491ED86}.Release|Any CPU.Build.0 = Release|Any CPU
		{C971FF22-E4CF-42F5-A243-2B179A9F7604}.Debug|Any CPU.ActiveCfg = Debug|Any CPU
		{C971FF22-E4CF-42F5-A243-2B179A9F7604}.Debug|Any CPU.Build.0 = Debug|Any CPU
		{C971FF22-E4CF-42F5-A243-2B179A9F7604}.Release|Any CPU.ActiveCfg = Release|Any CPU
		{C971FF22-E4CF-42F5-A243-2B179A9F7604}.Release|Any CPU.Build.0 = Release|Any CPU
		{AFBB1EB8-56C7-4771-93E6-F3D041349B98}.Debug|Any CPU.ActiveCfg = Debug|Any CPU
		{AFBB1EB8-56C7-4771-93E6-F3D041349B98}.Debug|Any CPU.Build.0 = Debug|Any CPU
		{AFBB1EB8-56C7-4771-93E6-F3D041349B98}.Release|Any CPU.ActiveCfg = Release|Any CPU
		{AFBB1EB8-56C7-4771-93E6-F3D041349B98}.Release|Any CPU.Build.0 = Release|Any CPU
		{F6181316-465C-4295-8E05-4203BA12B202}.Debug|Any CPU.ActiveCfg = Debug|Any CPU
		{F6181316-465C-4295-8E05-4203BA12B202}.Debug|Any CPU.Build.0 = Debug|Any CPU
		{F6181316-465C-4295-8E05-4203BA12B202}.Release|Any CPU.ActiveCfg = Release|Any CPU
		{F6181316-465C-4295-8E05-4203BA12B202}.Release|Any CPU.Build.0 = Release|Any CPU
	EndGlobalSection
	GlobalSection(SolutionProperties) = preSolution
		HideSolutionNode = FALSE
	EndGlobalSection
	GlobalSection(ExtensibilityGlobals) = postSolution
		SolutionGuid = {C83CC426-1984-41B4-A7DD-8FA0B62962FB}
	EndGlobalSection
EndGlobal
